
Microsoft Visual Studio Solution File, Format Version 12.00
# Visual Studio Version 17
VisualStudioVersion = 17.14.36518.9 d17.14
MinimumVisualStudioVersion = 10.0.40219.1
Project("{FAE04EC0-301F-11D3-BF4B-00C04F79EFBC}") = "PetrolPumpLog", "PetrolPumpLog.csproj", "{79453C9A-AF38-4025-B39A-789E016947BB}"
EndProject
Global
	GlobalSection(SolutionConfigurationPlatforms) = preSolution
		Debug|Any CPU = Debug|Any CPU
		Release|Any CPU = Release|Any CPU
	EndGlobalSection
	GlobalSection(ProjectConfigurationPlatforms) = postSolution
		{79453C9A-AF38-4025-B39A-789E016947BB}.Debug|Any CPU.ActiveCfg = Debug|Any CPU
		{79453C9A-AF38-4025-B39A-789E016947BB}.Debug|Any CPU.Build.0 = Debug|Any CPU
		{79453C9A-AF38-4025-B39A-789E016947BB}.Release|Any CPU.ActiveCfg = Release|Any CPU
		{79453C9A-AF38-4025-B39A-789E016947BB}.Release|Any CPU.Build.0 = Release|Any CPU
	EndGlobalSection
	GlobalSection(SolutionProperties) = preSolution
		HideSolutionNode = FALSE
	EndGlobalSection
	GlobalSection(ExtensibilityGlobals) = postSolution
		SolutionGuid = {974A91A9-E2CC-4529-9620-E2DA61E4A7CC}
	EndGlobalSection
EndGlobal
